
Microsoft Visual Studio Solution File, Format Version 12.00
# Visual Studio 15
VisualStudioVersion = 15.0.28307.1169
MinimumVisualStudioVersion = 10.0.40219.1
Project("{159641D6-6404-4A2A-AE62-294DE0FE8301}") = "Group1 FudgeMerge Project", "Group1 FudgeMerge Project\Group1 FudgeMerge Project.dtproj", "{1A7CE7FD-C95F-401A-9CD7-A9230E93485B}"
EndProject
Global
	GlobalSection(SolutionConfigurationPlatforms) = preSolution
		Development|Default = Development|Default
	EndGlobalSection
	GlobalSection(ProjectConfigurationPlatforms) = postSolution
		{1A7CE7FD-C95F-401A-9CD7-A9230E93485B}.Development|Default.ActiveCfg = Development
		{1A7CE7FD-C95F-401A-9CD7-A9230E93485B}.Development|Default.Build.0 = Development
	EndGlobalSection
	GlobalSection(SolutionProperties) = preSolution
		HideSolutionNode = FALSE
	EndGlobalSection
	GlobalSection(ExtensibilityGlobals) = postSolution
		SolutionGuid = {7369D915-0C95-4E24-BD4C-B627D8CB24B4}
	EndGlobalSection
EndGlobal
